
Microsoft Visual Studio Solution File, Format Version 12.00
# Visual Studio Version 16
VisualStudioVersion = 16.0.32106.194
MinimumVisualStudioVersion = 10.0.40219.1
Project("{FAE04EC0-301F-11D3-BF4B-00C04F79EFBC}") = "SemestrLabWorks", "SemestrLabWorks\SemestrLabWorks.csproj", "{FD722A46-3F20-49FF-AF45-429FE1A1C92A}"
EndProject
Global
	GlobalSection(SolutionConfigurationPlatforms) = preSolution
		Debug|Any CPU = Debug|Any CPU
		Release|Any CPU = Release|Any CPU
	EndGlobalSection
	GlobalSection(ProjectConfigurationPlatforms) = postSolution
		{FD722A46-3F20-49FF-AF45-429FE1A1C92A}.Debug|Any CPU.ActiveCfg = Debug|Any CPU
		{FD722A46-3F20-49FF-AF45-429FE1A1C92A}.Debug|Any CPU.Build.0 = Debug|Any CPU
		{FD722A46-3F20-49FF-AF45-429FE1A1C92A}.Release|Any CPU.ActiveCfg = Release|Any CPU
		{FD722A46-3F20-49FF-AF45-429FE1A1C92A}.Release|Any CPU.Build.0 = Release|Any CPU
	EndGlobalSection
	GlobalSection(SolutionProperties) = preSolution
		HideSolutionNode = FALSE
	EndGlobalSection
	GlobalSection(ExtensibilityGlobals) = postSolution
		SolutionGuid = {8B21B3B6-F81F-47EB-934D-E2B7991ABD3D}
	EndGlobalSection
EndGlobal
